// !$*UTF8*$!
{
	archiveVersion = 1;
	classes = {
	};
	objectVersion = 50;
	objects = {

/* Begin PBXBuildFile section */
		D1D945F4240A9D3F00E9CCB8 /* AppDelegate.swift in Sources */ = {isa = PBXBuildFile; fileRef = D1D945F3240A9D3F00E9CCB8 /* AppDelegate.swift */; };
		D1D945F6240A9D3F00E9CCB8 /* SceneDelegate.swift in Sources */ = {isa = PBXBuildFile; fileRef = D1D945F5240A9D3F00E9CCB8 /* SceneDelegate.swift */; };
		D1D945F8240A9D3F00E9CCB8 /* ViewController.swift in Sources */ = {isa = PBXBuildFile; fileRef = D1D945F7240A9D3F00E9CCB8 /* ViewController.swift */; };
		D1D945FB240A9D3F00E9CCB8 /* Main.storyboard in Resources */ = {isa = PBXBuildFile; fileRef = D1D945F9240A9D3F00E9CCB8 /* Main.storyboard */; };
		D1D945FD240A9D4100E9CCB8 /* Assets.xcassets in Resources */ = {isa = PBXBuildFile; fileRef = D1D945FC240A9D4100E9CCB8 /* Assets.xcassets */; };
		D1D94600240A9D4100E9CCB8 /* LaunchScreen.storyboard in Resources */ = {isa = PBXBuildFile; fileRef = D1D945FE240A9D4100E9CCB8 /* LaunchScreen.storyboard */; };
		D1D9460B240A9D4100E9CCB8 /* DAZNTests.swift in Sources */ = {isa = PBXBuildFile; fileRef = D1D9460A240A9D4100E9CCB8 /* DAZNTests.swift */; };
		D1D9461B240A9E1A00E9CCB8 /* DropDownView.xib in Resources */ = {isa = PBXBuildFile; fileRef = D1D94619240A9E1A00E9CCB8 /* DropDownView.xib */; };
		D1D9461C240A9E1A00E9CCB8 /* DropDownView.xib in Resources */ = {isa = PBXBuildFile; fileRef = D1D94619240A9E1A00E9CCB8 /* DropDownView.xib */; };
		D1D9461D240A9E1A00E9CCB8 /* DropDownView.swift in Sources */ = {isa = PBXBuildFile; fileRef = D1D9461A240A9E1A00E9CCB8 /* DropDownView.swift */; };
		D1D9461E240A9E1A00E9CCB8 /* DropDownView.swift in Sources */ = {isa = PBXBuildFile; fileRef = D1D9461A240A9E1A00E9CCB8 /* DropDownView.swift */; };
		D1D94620240A9FDD00E9CCB8 /* DropDownItem.swift in Sources */ = {isa = PBXBuildFile; fileRef = D1D9461F240A9FDD00E9CCB8 /* DropDownItem.swift */; };
		D1D94621240A9FDD00E9CCB8 /* DropDownItem.swift in Sources */ = {isa = PBXBuildFile; fileRef = D1D9461F240A9FDD00E9CCB8 /* DropDownItem.swift */; };
		D1D94624240AA65100E9CCB8 /* DefaultDropDownItemView.swift in Sources */ = {isa = PBXBuildFile; fileRef = D1D94623240AA65100E9CCB8 /* DefaultDropDownItemView.swift */; };
		D1D94625240AA65100E9CCB8 /* DefaultDropDownItemView.swift in Sources */ = {isa = PBXBuildFile; fileRef = D1D94623240AA65100E9CCB8 /* DefaultDropDownItemView.swift */; };
		D1D94627240AA65B00E9CCB8 /* DefaultDropDownItemView.xib in Resources */ = {isa = PBXBuildFile; fileRef = D1D94626240AA65B00E9CCB8 /* DefaultDropDownItemView.xib */; };
		D1D94628240AA65B00E9CCB8 /* DefaultDropDownItemView.xib in Resources */ = {isa = PBXBuildFile; fileRef = D1D94626240AA65B00E9CCB8 /* DefaultDropDownItemView.xib */; };
		D1D9462C240AAD5E00E9CCB8 /* MasterViewController.swift in Sources */ = {isa = PBXBuildFile; fileRef = D1D9462B240AAD5E00E9CCB8 /* MasterViewController.swift */; };
		D1D9462D240AAD5E00E9CCB8 /* MasterViewController.swift in Sources */ = {isa = PBXBuildFile; fileRef = D1D9462B240AAD5E00E9CCB8 /* MasterViewController.swift */; };
		D1D94631240AC6D700E9CCB8 /* NewsViewController.swift in Sources */ = {isa = PBXBuildFile; fileRef = D1D94630240AC6D700E9CCB8 /* NewsViewController.swift */; };
		D1D94632240AC6D700E9CCB8 /* NewsViewController.swift in Sources */ = {isa = PBXBuildFile; fileRef = D1D94630240AC6D700E9CCB8 /* NewsViewController.swift */; };
		D1D94634240AC6E500E9CCB8 /* ScoresStandingsViewController.swift in Sources */ = {isa = PBXBuildFile; fileRef = D1D94633240AC6E500E9CCB8 /* ScoresStandingsViewController.swift */; };
		D1D94635240AC6E500E9CCB8 /* ScoresStandingsViewController.swift in Sources */ = {isa = PBXBuildFile; fileRef = D1D94633240AC6E500E9CCB8 /* ScoresStandingsViewController.swift */; };
		D1D94639240ACFA700E9CCB8 /* News.storyboard in Resources */ = {isa = PBXBuildFile; fileRef = D1D94638240ACFA700E9CCB8 /* News.storyboard */; };
		D1D9463A240ACFA700E9CCB8 /* News.storyboard in Resources */ = {isa = PBXBuildFile; fileRef = D1D94638240ACFA700E9CCB8 /* News.storyboard */; };
		D1D9463C240ACFD200E9CCB8 /* ScoresStandings.storyboard in Resources */ = {isa = PBXBuildFile; fileRef = D1D9463B240ACFD200E9CCB8 /* ScoresStandings.storyboard */; };
		D1D9463D240ACFD200E9CCB8 /* ScoresStandings.storyboard in Resources */ = {isa = PBXBuildFile; fileRef = D1D9463B240ACFD200E9CCB8 /* ScoresStandings.storyboard */; };
		D1D9463F240AD00E00E9CCB8 /* NewsBuilder.swift in Sources */ = {isa = PBXBuildFile; fileRef = D1D9463E240AD00E00E9CCB8 /* NewsBuilder.swift */; };
		D1D94640240AD00E00E9CCB8 /* NewsBuilder.swift in Sources */ = {isa = PBXBuildFile; fileRef = D1D9463E240AD00E00E9CCB8 /* NewsBuilder.swift */; };
		D1D94642240AD09900E9CCB8 /* ScoresStandingsBuilder.swift in Sources */ = {isa = PBXBuildFile; fileRef = D1D94641240AD09900E9CCB8 /* ScoresStandingsBuilder.swift */; };
		D1D94643240AD09900E9CCB8 /* ScoresStandingsBuilder.swift in Sources */ = {isa = PBXBuildFile; fileRef = D1D94641240AD09900E9CCB8 /* ScoresStandingsBuilder.swift */; };
		D1D94647240ADB6F00E9CCB8 /* News.swift in Sources */ = {isa = PBXBuildFile; fileRef = D1D94646240ADB6F00E9CCB8 /* News.swift */; };
		D1D94648240ADB6F00E9CCB8 /* News.swift in Sources */ = {isa = PBXBuildFile; fileRef = D1D94646240ADB6F00E9CCB8 /* News.swift */; };
		D1D9464A240ADBA800E9CCB8 /* Score.swift in Sources */ = {isa = PBXBuildFile; fileRef = D1D94649240ADBA800E9CCB8 /* Score.swift */; };
		D1D9464B240ADBA800E9CCB8 /* Score.swift in Sources */ = {isa = PBXBuildFile; fileRef = D1D94649240ADBA800E9CCB8 /* Score.swift */; };
		D1D9464D240ADBCB00E9CCB8 /* ScoresStandings.swift in Sources */ = {isa = PBXBuildFile; fileRef = D1D9464C240ADBCB00E9CCB8 /* ScoresStandings.swift */; };
		D1D9464E240ADBCB00E9CCB8 /* ScoresStandings.swift in Sources */ = {isa = PBXBuildFile; fileRef = D1D9464C240ADBCB00E9CCB8 /* ScoresStandings.swift */; };
		D1D94651240ADC0500E9CCB8 /* NewsParser.swift in Sources */ = {isa = PBXBuildFile; fileRef = D1D94650240ADC0500E9CCB8 /* NewsParser.swift */; };
		D1D94652240ADC0500E9CCB8 /* NewsParser.swift in Sources */ = {isa = PBXBuildFile; fileRef = D1D94650240ADC0500E9CCB8 /* NewsParser.swift */; };
		D1D94654240ADC1800E9CCB8 /* ScoresStandingParser.swift in Sources */ = {isa = PBXBuildFile; fileRef = D1D94653240ADC1800E9CCB8 /* ScoresStandingParser.swift */; };
		D1D94655240ADC1800E9CCB8 /* ScoresStandingParser.swift in Sources */ = {isa = PBXBuildFile; fileRef = D1D94653240ADC1800E9CCB8 /* ScoresStandingParser.swift */; };
		D1D94658240ADF0C00E9CCB8 /* latestnews.xml in Resources */ = {isa = PBXBuildFile; fileRef = D1D94656240ADF0C00E9CCB8 /* latestnews.xml */; };
		D1D94659240ADF0C00E9CCB8 /* latestnews.xml in Resources */ = {isa = PBXBuildFile; fileRef = D1D94656240ADF0C00E9CCB8 /* latestnews.xml */; };
		D1D9465A240ADF0C00E9CCB8 /* scores.xml in Resources */ = {isa = PBXBuildFile; fileRef = D1D94657240ADF0C00E9CCB8 /* scores.xml */; };
		D1D9465B240ADF0C00E9CCB8 /* scores.xml in Resources */ = {isa = PBXBuildFile; fileRef = D1D94657240ADF0C00E9CCB8 /* scores.xml */; };
		D1D9465F240ADFCB00E9CCB8 /* NewsTableViewCell.swift in Sources */ = {isa = PBXBuildFile; fileRef = D1D9465D240ADFCB00E9CCB8 /* NewsTableViewCell.swift */; };
		D1D94660240ADFCB00E9CCB8 /* NewsTableViewCell.swift in Sources */ = {isa = PBXBuildFile; fileRef = D1D9465D240ADFCB00E9CCB8 /* NewsTableViewCell.swift */; };
		D1D94661240ADFCB00E9CCB8 /* NewsTableViewCell.xib in Resources */ = {isa = PBXBuildFile; fileRef = D1D9465E240ADFCB00E9CCB8 /* NewsTableViewCell.xib */; };
		D1D94662240ADFCB00E9CCB8 /* NewsTableViewCell.xib in Resources */ = {isa = PBXBuildFile; fileRef = D1D9465E240ADFCB00E9CCB8 /* NewsTableViewCell.xib */; };
		D1D94664240AE65C00E9CCB8 /* NewsTableViewCellModel.swift in Sources */ = {isa = PBXBuildFile; fileRef = D1D94663240AE65C00E9CCB8 /* NewsTableViewCellModel.swift */; };
		D1D94665240AE65C00E9CCB8 /* NewsTableViewCellModel.swift in Sources */ = {isa = PBXBuildFile; fileRef = D1D94663240AE65C00E9CCB8 /* NewsTableViewCellModel.swift */; };
		D1D94668240AEBB400E9CCB8 /* NewsDetail.storyboard in Resources */ = {isa = PBXBuildFile; fileRef = D1D94667240AEBB400E9CCB8 /* NewsDetail.storyboard */; };
		D1D94669240AEBB400E9CCB8 /* NewsDetail.storyboard in Resources */ = {isa = PBXBuildFile; fileRef = D1D94667240AEBB400E9CCB8 /* NewsDetail.storyboard */; };
		D1D9466B240AEBCD00E9CCB8 /* NewsDetailViewController.swift in Sources */ = {isa = PBXBuildFile; fileRef = D1D9466A240AEBCD00E9CCB8 /* NewsDetailViewController.swift */; };
		D1D9466C240AEBCD00E9CCB8 /* NewsDetailViewController.swift in Sources */ = {isa = PBXBuildFile; fileRef = D1D9466A240AEBCD00E9CCB8 /* NewsDetailViewController.swift */; };
		D1D9466E240AECAF00E9CCB8 /* NewsDetailBuilder.swift in Sources */ = {isa = PBXBuildFile; fileRef = D1D9466D240AECAF00E9CCB8 /* NewsDetailBuilder.swift */; };
		D1D9466F240AECAF00E9CCB8 /* NewsDetailBuilder.swift in Sources */ = {isa = PBXBuildFile; fileRef = D1D9466D240AECAF00E9CCB8 /* NewsDetailBuilder.swift */; };
		D1D94673240B909100E9CCB8 /* UIImageView+URL.swift in Sources */ = {isa = PBXBuildFile; fileRef = D1D94672240B909100E9CCB8 /* UIImageView+URL.swift */; };
		D1D94674240B909100E9CCB8 /* UIImageView+URL.swift in Sources */ = {isa = PBXBuildFile; fileRef = D1D94672240B909100E9CCB8 /* UIImageView+URL.swift */; };
		D1D94676240B92A200E9CCB8 /* NewsService.swift in Sources */ = {isa = PBXBuildFile; fileRef = D1D94675240B92A200E9CCB8 /* NewsService.swift */; };
		D1D94677240B92A200E9CCB8 /* NewsService.swift in Sources */ = {isa = PBXBuildFile; fileRef = D1D94675240B92A200E9CCB8 /* NewsService.swift */; };
		D1D94679240B937900E9CCB8 /* Result.swift in Sources */ = {isa = PBXBuildFile; fileRef = D1D94678240B937900E9CCB8 /* Result.swift */; };
		D1D9467A240B937900E9CCB8 /* Result.swift in Sources */ = {isa = PBXBuildFile; fileRef = D1D94678240B937900E9CCB8 /* Result.swift */; };
		D1D9467C240B941600E9CCB8 /* Error.swift in Sources */ = {isa = PBXBuildFile; fileRef = D1D9467B240B941600E9CCB8 /* Error.swift */; };
		D1D9467D240B941600E9CCB8 /* Error.swift in Sources */ = {isa = PBXBuildFile; fileRef = D1D9467B240B941600E9CCB8 /* Error.swift */; };
		D1D9467F240BA48000E9CCB8 /* ScoresStandingsService.swift in Sources */ = {isa = PBXBuildFile; fileRef = D1D9467E240BA48000E9CCB8 /* ScoresStandingsService.swift */; };
		D1D94680240BA48000E9CCB8 /* ScoresStandingsService.swift in Sources */ = {isa = PBXBuildFile; fileRef = D1D9467E240BA48000E9CCB8 /* ScoresStandingsService.swift */; };
/* End PBXBuildFile section */

/* Begin PBXContainerItemProxy section */
		D1D94607240A9D4100E9CCB8 /* PBXContainerItemProxy */ = {
			isa = PBXContainerItemProxy;
			containerPortal = D1D945E8240A9D3F00E9CCB8 /* Project object */;
			proxyType = 1;
			remoteGlobalIDString = D1D945EF240A9D3F00E9CCB8;
			remoteInfo = DAZN;
		};
/* End PBXContainerItemProxy section */

/* Begin PBXFileReference section */
		D1D945F0240A9D3F00E9CCB8 /* DAZN.app */ = {isa = PBXFileReference; explicitFileType = wrapper.application; includeInIndex = 0; path = DAZN.app; sourceTree = BUILT_PRODUCTS_DIR; };
		D1D945F3240A9D3F00E9CCB8 /* AppDelegate.swift */ = {isa = PBXFileReference; lastKnownFileType = sourcecode.swift; path = AppDelegate.swift; sourceTree = "<group>"; };
		D1D945F5240A9D3F00E9CCB8 /* SceneDelegate.swift */ = {isa = PBXFileReference; lastKnownFileType = sourcecode.swift; path = SceneDelegate.swift; sourceTree = "<group>"; };
		D1D945F7240A9D3F00E9CCB8 /* ViewController.swift */ = {isa = PBXFileReference; lastKnownFileType = sourcecode.swift; path = ViewController.swift; sourceTree = "<group>"; };
		D1D945FA240A9D3F00E9CCB8 /* Base */ = {isa = PBXFileReference; lastKnownFileType = file.storyboard; name = Base; path = Base.lproj/Main.storyboard; sourceTree = "<group>"; };
		D1D945FC240A9D4100E9CCB8 /* Assets.xcassets */ = {isa = PBXFileReference; lastKnownFileType = folder.assetcatalog; path = Assets.xcassets; sourceTree = "<group>"; };
		D1D945FF240A9D4100E9CCB8 /* Base */ = {isa = PBXFileReference; lastKnownFileType = file.storyboard; name = Base; path = Base.lproj/LaunchScreen.storyboard; sourceTree = "<group>"; };
		D1D94601240A9D4100E9CCB8 /* Info.plist */ = {isa = PBXFileReference; lastKnownFileType = text.plist.xml; path = Info.plist; sourceTree = "<group>"; };
		D1D94606240A9D4100E9CCB8 /* DAZNTests.xctest */ = {isa = PBXFileReference; explicitFileType = wrapper.cfbundle; includeInIndex = 0; path = DAZNTests.xctest; sourceTree = BUILT_PRODUCTS_DIR; };
		D1D9460A240A9D4100E9CCB8 /* DAZNTests.swift */ = {isa = PBXFileReference; lastKnownFileType = sourcecode.swift; path = DAZNTests.swift; sourceTree = "<group>"; };
		D1D9460C240A9D4100E9CCB8 /* Info.plist */ = {isa = PBXFileReference; lastKnownFileType = text.plist.xml; path = Info.plist; sourceTree = "<group>"; };
		D1D94619240A9E1A00E9CCB8 /* DropDownView.xib */ = {isa = PBXFileReference; fileEncoding = 4; lastKnownFileType = file.xib; path = DropDownView.xib; sourceTree = "<group>"; };
		D1D9461A240A9E1A00E9CCB8 /* DropDownView.swift */ = {isa = PBXFileReference; fileEncoding = 4; lastKnownFileType = sourcecode.swift; path = DropDownView.swift; sourceTree = "<group>"; };
		D1D9461F240A9FDD00E9CCB8 /* DropDownItem.swift */ = {isa = PBXFileReference; lastKnownFileType = sourcecode.swift; path = DropDownItem.swift; sourceTree = "<group>"; };
		D1D94623240AA65100E9CCB8 /* DefaultDropDownItemView.swift */ = {isa = PBXFileReference; lastKnownFileType = sourcecode.swift; path = DefaultDropDownItemView.swift; sourceTree = "<group>"; };
		D1D94626240AA65B00E9CCB8 /* DefaultDropDownItemView.xib */ = {isa = PBXFileReference; lastKnownFileType = file.xib; path = DefaultDropDownItemView.xib; sourceTree = "<group>"; };
		D1D9462B240AAD5E00E9CCB8 /* MasterViewController.swift */ = {isa = PBXFileReference; lastKnownFileType = sourcecode.swift; path = MasterViewController.swift; sourceTree = "<group>"; };
		D1D94630240AC6D700E9CCB8 /* NewsViewController.swift */ = {isa = PBXFileReference; lastKnownFileType = sourcecode.swift; path = NewsViewController.swift; sourceTree = "<group>"; };
		D1D94633240AC6E500E9CCB8 /* ScoresStandingsViewController.swift */ = {isa = PBXFileReference; lastKnownFileType = sourcecode.swift; path = ScoresStandingsViewController.swift; sourceTree = "<group>"; };
		D1D94638240ACFA700E9CCB8 /* News.storyboard */ = {isa = PBXFileReference; lastKnownFileType = file.storyboard; path = News.storyboard; sourceTree = "<group>"; };
		D1D9463B240ACFD200E9CCB8 /* ScoresStandings.storyboard */ = {isa = PBXFileReference; lastKnownFileType = file.storyboard; path = ScoresStandings.storyboard; sourceTree = "<group>"; };
		D1D9463E240AD00E00E9CCB8 /* NewsBuilder.swift */ = {isa = PBXFileReference; lastKnownFileType = sourcecode.swift; path = NewsBuilder.swift; sourceTree = "<group>"; };
		D1D94641240AD09900E9CCB8 /* ScoresStandingsBuilder.swift */ = {isa = PBXFileReference; lastKnownFileType = sourcecode.swift; path = ScoresStandingsBuilder.swift; sourceTree = "<group>"; };
		D1D94646240ADB6F00E9CCB8 /* News.swift */ = {isa = PBXFileReference; lastKnownFileType = sourcecode.swift; path = News.swift; sourceTree = "<group>"; };
		D1D94649240ADBA800E9CCB8 /* Score.swift */ = {isa = PBXFileReference; lastKnownFileType = sourcecode.swift; path = Score.swift; sourceTree = "<group>"; };
		D1D9464C240ADBCB00E9CCB8 /* ScoresStandings.swift */ = {isa = PBXFileReference; lastKnownFileType = sourcecode.swift; path = ScoresStandings.swift; sourceTree = "<group>"; };
		D1D94650240ADC0500E9CCB8 /* NewsParser.swift */ = {isa = PBXFileReference; lastKnownFileType = sourcecode.swift; path = NewsParser.swift; sourceTree = "<group>"; };
		D1D94653240ADC1800E9CCB8 /* ScoresStandingParser.swift */ = {isa = PBXFileReference; lastKnownFileType = sourcecode.swift; path = ScoresStandingParser.swift; sourceTree = "<group>"; };
		D1D94656240ADF0C00E9CCB8 /* latestnews.xml */ = {isa = PBXFileReference; fileEncoding = 4; lastKnownFileType = text.xml; path = latestnews.xml; sourceTree = "<group>"; };
		D1D94657240ADF0C00E9CCB8 /* scores.xml */ = {isa = PBXFileReference; fileEncoding = 4; lastKnownFileType = text.xml; path = scores.xml; sourceTree = "<group>"; };
		D1D9465D240ADFCB00E9CCB8 /* NewsTableViewCell.swift */ = {isa = PBXFileReference; lastKnownFileType = sourcecode.swift; path = NewsTableViewCell.swift; sourceTree = "<group>"; };
		D1D9465E240ADFCB00E9CCB8 /* NewsTableViewCell.xib */ = {isa = PBXFileReference; lastKnownFileType = file.xib; path = NewsTableViewCell.xib; sourceTree = "<group>"; };
		D1D94663240AE65C00E9CCB8 /* NewsTableViewCellModel.swift */ = {isa = PBXFileReference; lastKnownFileType = sourcecode.swift; path = NewsTableViewCellModel.swift; sourceTree = "<group>"; };
		D1D94667240AEBB400E9CCB8 /* NewsDetail.storyboard */ = {isa = PBXFileReference; lastKnownFileType = file.storyboard; path = NewsDetail.storyboard; sourceTree = "<group>"; };
		D1D9466A240AEBCD00E9CCB8 /* NewsDetailViewController.swift */ = {isa = PBXFileReference; lastKnownFileType = sourcecode.swift; path = NewsDetailViewController.swift; sourceTree = "<group>"; };
		D1D9466D240AECAF00E9CCB8 /* NewsDetailBuilder.swift */ = {isa = PBXFileReference; lastKnownFileType = sourcecode.swift; path = NewsDetailBuilder.swift; sourceTree = "<group>"; };
		D1D94672240B909100E9CCB8 /* UIImageView+URL.swift */ = {isa = PBXFileReference; lastKnownFileType = sourcecode.swift; path = "UIImageView+URL.swift"; sourceTree = "<group>"; };
		D1D94675240B92A200E9CCB8 /* NewsService.swift */ = {isa = PBXFileReference; lastKnownFileType = sourcecode.swift; path = NewsService.swift; sourceTree = "<group>"; };
		D1D94678240B937900E9CCB8 /* Result.swift */ = {isa = PBXFileReference; lastKnownFileType = sourcecode.swift; path = Result.swift; sourceTree = "<group>"; };
		D1D9467B240B941600E9CCB8 /* Error.swift */ = {isa = PBXFileReference; lastKnownFileType = sourcecode.swift; path = Error.swift; sourceTree = "<group>"; };
		D1D9467E240BA48000E9CCB8 /* ScoresStandingsService.swift */ = {isa = PBXFileReference; lastKnownFileType = sourcecode.swift; path = ScoresStandingsService.swift; sourceTree = "<group>"; };
/* End PBXFileReference section */

/* Begin PBXFrameworksBuildPhase section */
		D1D945ED240A9D3F00E9CCB8 /* Frameworks */ = {
			isa = PBXFrameworksBuildPhase;
			buildActionMask = 2147483647;
			files = (
			);
			runOnlyForDeploymentPostprocessing = 0;
		};
		D1D94603240A9D4100E9CCB8 /* Frameworks */ = {
			isa = PBXFrameworksBuildPhase;
			buildActionMask = 2147483647;
			files = (
			);
			runOnlyForDeploymentPostprocessing = 0;
		};
/* End PBXFrameworksBuildPhase section */

/* Begin PBXGroup section */
		D1D945E7240A9D3F00E9CCB8 = {
			isa = PBXGroup;
			children = (
				D1D945F2240A9D3F00E9CCB8 /* DAZN */,
				D1D94609240A9D4100E9CCB8 /* DAZNTests */,
				D1D945F1240A9D3F00E9CCB8 /* Products */,
			);
			sourceTree = "<group>";
		};
		D1D945F1240A9D3F00E9CCB8 /* Products */ = {
			isa = PBXGroup;
			children = (
				D1D945F0240A9D3F00E9CCB8 /* DAZN.app */,
				D1D94606240A9D4100E9CCB8 /* DAZNTests.xctest */,
			);
			name = Products;
			sourceTree = "<group>";
		};
		D1D945F2240A9D3F00E9CCB8 /* DAZN */ = {
			isa = PBXGroup;
			children = (
				D1D94670240B903500E9CCB8 /* Util */,
				D1D94615240A9D6100E9CCB8 /* View */,
				D1D94629240AAC1700E9CCB8 /* Scene */,
				D1D94644240AD87000E9CCB8 /* API */,
				D1D945F3240A9D3F00E9CCB8 /* AppDelegate.swift */,
				D1D945F5240A9D3F00E9CCB8 /* SceneDelegate.swift */,
				D1D94656240ADF0C00E9CCB8 /* latestnews.xml */,
				D1D94657240ADF0C00E9CCB8 /* scores.xml */,
				D1D945F7240A9D3F00E9CCB8 /* ViewController.swift */,
				D1D945F9240A9D3F00E9CCB8 /* Main.storyboard */,
				D1D945FC240A9D4100E9CCB8 /* Assets.xcassets */,
				D1D945FE240A9D4100E9CCB8 /* LaunchScreen.storyboard */,
				D1D94601240A9D4100E9CCB8 /* Info.plist */,
			);
			path = DAZN;
			sourceTree = "<group>";
		};
		D1D94609240A9D4100E9CCB8 /* DAZNTests */ = {
			isa = PBXGroup;
			children = (
				D1D9460A240A9D4100E9CCB8 /* DAZNTests.swift */,
				D1D9460C240A9D4100E9CCB8 /* Info.plist */,
			);
			path = DAZNTests;
			sourceTree = "<group>";
		};
		D1D94615240A9D6100E9CCB8 /* View */ = {
			isa = PBXGroup;
			children = (
				D1D94616240A9D7100E9CCB8 /* DropDownView */,
			);
			path = View;
			sourceTree = "<group>";
		};
		D1D94616240A9D7100E9CCB8 /* DropDownView */ = {
			isa = PBXGroup;
			children = (
				D1D94622240AA64500E9CCB8 /* DefaultDropDownItemView */,
				D1D9461A240A9E1A00E9CCB8 /* DropDownView.swift */,
				D1D94619240A9E1A00E9CCB8 /* DropDownView.xib */,
				D1D9461F240A9FDD00E9CCB8 /* DropDownItem.swift */,
			);
			path = DropDownView;
			sourceTree = "<group>";
		};
		D1D94622240AA64500E9CCB8 /* DefaultDropDownItemView */ = {
			isa = PBXGroup;
			children = (
				D1D94623240AA65100E9CCB8 /* DefaultDropDownItemView.swift */,
				D1D94626240AA65B00E9CCB8 /* DefaultDropDownItemView.xib */,
			);
			path = DefaultDropDownItemView;
			sourceTree = "<group>";
		};
		D1D94629240AAC1700E9CCB8 /* Scene */ = {
			isa = PBXGroup;
			children = (
				D1D94666240AEBA400E9CCB8 /* NewsDetail */,
				D1D9462F240AC60A00E9CCB8 /* News */,
				D1D9462E240AC5F500E9CCB8 /* ScoresStandings */,
				D1D9462A240AAC2400E9CCB8 /* Master */,
			);
			path = Scene;
			sourceTree = "<group>";
		};
		D1D9462A240AAC2400E9CCB8 /* Master */ = {
			isa = PBXGroup;
			children = (
				D1D9462B240AAD5E00E9CCB8 /* MasterViewController.swift */,
			);
			path = Master;
			sourceTree = "<group>";
		};
		D1D9462E240AC5F500E9CCB8 /* ScoresStandings */ = {
			isa = PBXGroup;
			children = (
				D1D94633240AC6E500E9CCB8 /* ScoresStandingsViewController.swift */,
				D1D9463B240ACFD200E9CCB8 /* ScoresStandings.storyboard */,
				D1D94641240AD09900E9CCB8 /* ScoresStandingsBuilder.swift */,
			);
			path = ScoresStandings;
			sourceTree = "<group>";
		};
		D1D9462F240AC60A00E9CCB8 /* News */ = {
			isa = PBXGroup;
			children = (
				D1D9465C240ADFA900E9CCB8 /* Cell */,
				D1D94630240AC6D700E9CCB8 /* NewsViewController.swift */,
				D1D94638240ACFA700E9CCB8 /* News.storyboard */,
				D1D9463E240AD00E00E9CCB8 /* NewsBuilder.swift */,
			);
			path = News;
			sourceTree = "<group>";
		};
		D1D94644240AD87000E9CCB8 /* API */ = {
			isa = PBXGroup;
			children = (
				D1D94645240AD8DA00E9CCB8 /* Model */,
				D1D9464F240ADBF100E9CCB8 /* Helper */,
				D1D94675240B92A200E9CCB8 /* NewsService.swift */,
				D1D9467E240BA48000E9CCB8 /* ScoresStandingsService.swift */,
			);
			path = API;
			sourceTree = "<group>";
		};
		D1D94645240AD8DA00E9CCB8 /* Model */ = {
			isa = PBXGroup;
			children = (
				D1D94646240ADB6F00E9CCB8 /* News.swift */,
				D1D94649240ADBA800E9CCB8 /* Score.swift */,
				D1D9464C240ADBCB00E9CCB8 /* ScoresStandings.swift */,
			);
			path = Model;
			sourceTree = "<group>";
		};
		D1D9464F240ADBF100E9CCB8 /* Helper */ = {
			isa = PBXGroup;
			children = (
				D1D94650240ADC0500E9CCB8 /* NewsParser.swift */,
				D1D94653240ADC1800E9CCB8 /* ScoresStandingParser.swift */,
				D1D94678240B937900E9CCB8 /* Result.swift */,
				D1D9467B240B941600E9CCB8 /* Error.swift */,
			);
			path = Helper;
			sourceTree = "<group>";
		};
		D1D9465C240ADFA900E9CCB8 /* Cell */ = {
			isa = PBXGroup;
			children = (
				D1D9465D240ADFCB00E9CCB8 /* NewsTableViewCell.swift */,
				D1D9465E240ADFCB00E9CCB8 /* NewsTableViewCell.xib */,
				D1D94663240AE65C00E9CCB8 /* NewsTableViewCellModel.swift */,
			);
			path = Cell;
			sourceTree = "<group>";
		};
		D1D94666240AEBA400E9CCB8 /* NewsDetail */ = {
			isa = PBXGroup;
			children = (
				D1D94667240AEBB400E9CCB8 /* NewsDetail.storyboard */,
				D1D9466A240AEBCD00E9CCB8 /* NewsDetailViewController.swift */,
				D1D9466D240AECAF00E9CCB8 /* NewsDetailBuilder.swift */,
			);
			path = NewsDetail;
			sourceTree = "<group>";
		};
		D1D94670240B903500E9CCB8 /* Util */ = {
			isa = PBXGroup;
			children = (
				D1D94671240B903C00E9CCB8 /* Extension */,
			);
			path = Util;
			sourceTree = "<group>";
		};
		D1D94671240B903C00E9CCB8 /* Extension */ = {
			isa = PBXGroup;
			children = (
				D1D94672240B909100E9CCB8 /* UIImageView+URL.swift */,
			);
			path = Extension;
			sourceTree = "<group>";
		};
/* End PBXGroup section */

/* Begin PBXNativeTarget section */
		D1D945EF240A9D3F00E9CCB8 /* DAZN */ = {
			isa = PBXNativeTarget;
			buildConfigurationList = D1D9460F240A9D4100E9CCB8 /* Build configuration list for PBXNativeTarget "DAZN" */;
			buildPhases = (
				D1D945EC240A9D3F00E9CCB8 /* Sources */,
				D1D945ED240A9D3F00E9CCB8 /* Frameworks */,
				D1D945EE240A9D3F00E9CCB8 /* Resources */,
			);
			buildRules = (
			);
			dependencies = (
			);
			name = DAZN;
			productName = DAZN;
			productReference = D1D945F0240A9D3F00E9CCB8 /* DAZN.app */;
			productType = "com.apple.product-type.application";
		};
		D1D94605240A9D4100E9CCB8 /* DAZNTests */ = {
			isa = PBXNativeTarget;
			buildConfigurationList = D1D94612240A9D4100E9CCB8 /* Build configuration list for PBXNativeTarget "DAZNTests" */;
			buildPhases = (
				D1D94602240A9D4100E9CCB8 /* Sources */,
				D1D94603240A9D4100E9CCB8 /* Frameworks */,
				D1D94604240A9D4100E9CCB8 /* Resources */,
			);
			buildRules = (
			);
			dependencies = (
				D1D94608240A9D4100E9CCB8 /* PBXTargetDependency */,
			);
			name = DAZNTests;
			productName = DAZNTests;
			productReference = D1D94606240A9D4100E9CCB8 /* DAZNTests.xctest */;
			productType = "com.apple.product-type.bundle.unit-test";
		};
/* End PBXNativeTarget section */

/* Begin PBXProject section */
		D1D945E8240A9D3F00E9CCB8 /* Project object */ = {
			isa = PBXProject;
			attributes = {
				LastSwiftUpdateCheck = 1110;
				LastUpgradeCheck = 1110;
				ORGANIZATIONNAME = redugsi;
				TargetAttributes = {
					D1D945EF240A9D3F00E9CCB8 = {
						CreatedOnToolsVersion = 11.1;
					};
					D1D94605240A9D4100E9CCB8 = {
						CreatedOnToolsVersion = 11.1;
						TestTargetID = D1D945EF240A9D3F00E9CCB8;
					};
				};
			};
			buildConfigurationList = D1D945EB240A9D3F00E9CCB8 /* Build configuration list for PBXProject "DAZN" */;
			compatibilityVersion = "Xcode 9.3";
			developmentRegion = en;
			hasScannedForEncodings = 0;
			knownRegions = (
				en,
				Base,
			);
			mainGroup = D1D945E7240A9D3F00E9CCB8;
			productRefGroup = D1D945F1240A9D3F00E9CCB8 /* Products */;
			projectDirPath = "";
			projectRoot = "";
			targets = (
				D1D945EF240A9D3F00E9CCB8 /* DAZN */,
				D1D94605240A9D4100E9CCB8 /* DAZNTests */,
			);
		};
/* End PBXProject section */

/* Begin PBXResourcesBuildPhase section */
		D1D945EE240A9D3F00E9CCB8 /* Resources */ = {
			isa = PBXResourcesBuildPhase;
			buildActionMask = 2147483647;
			files = (
				D1D94668240AEBB400E9CCB8 /* NewsDetail.storyboard in Resources */,
				D1D94600240A9D4100E9CCB8 /* LaunchScreen.storyboard in Resources */,
				D1D94639240ACFA700E9CCB8 /* News.storyboard in Resources */,
				D1D9461B240A9E1A00E9CCB8 /* DropDownView.xib in Resources */,
				D1D945FD240A9D4100E9CCB8 /* Assets.xcassets in Resources */,
				D1D94661240ADFCB00E9CCB8 /* NewsTableViewCell.xib in Resources */,
				D1D9463C240ACFD200E9CCB8 /* ScoresStandings.storyboard in Resources */,
				D1D94627240AA65B00E9CCB8 /* DefaultDropDownItemView.xib in Resources */,
				D1D9465A240ADF0C00E9CCB8 /* scores.xml in Resources */,
				D1D945FB240A9D3F00E9CCB8 /* Main.storyboard in Resources */,
				D1D94658240ADF0C00E9CCB8 /* latestnews.xml in Resources */,
			);
			runOnlyForDeploymentPostprocessing = 0;
		};
		D1D94604240A9D4100E9CCB8 /* Resources */ = {
			isa = PBXResourcesBuildPhase;
			buildActionMask = 2147483647;
			files = (
				D1D9465B240ADF0C00E9CCB8 /* scores.xml in Resources */,
				D1D94628240AA65B00E9CCB8 /* DefaultDropDownItemView.xib in Resources */,
				D1D9463A240ACFA700E9CCB8 /* News.storyboard in Resources */,
				D1D94662240ADFCB00E9CCB8 /* NewsTableViewCell.xib in Resources */,
				D1D94669240AEBB400E9CCB8 /* NewsDetail.storyboard in Resources */,
				D1D94659240ADF0C00E9CCB8 /* latestnews.xml in Resources */,
				D1D9461C240A9E1A00E9CCB8 /* DropDownView.xib in Resources */,
				D1D9463D240ACFD200E9CCB8 /* ScoresStandings.storyboard in Resources */,
			);
			runOnlyForDeploymentPostprocessing = 0;
		};
/* End PBXResourcesBuildPhase section */

/* Begin PBXSourcesBuildPhase section */
		D1D945EC240A9D3F00E9CCB8 /* Sources */ = {
			isa = PBXSourcesBuildPhase;
			buildActionMask = 2147483647;
			files = (
				D1D9467F240BA48000E9CCB8 /* ScoresStandingsService.swift in Sources */,
				D1D94624240AA65100E9CCB8 /* DefaultDropDownItemView.swift in Sources */,
				D1D945F8240A9D3F00E9CCB8 /* ViewController.swift in Sources */,
				D1D9461D240A9E1A00E9CCB8 /* DropDownView.swift in Sources */,
				D1D94634240AC6E500E9CCB8 /* ScoresStandingsViewController.swift in Sources */,
				D1D94620240A9FDD00E9CCB8 /* DropDownItem.swift in Sources */,
				D1D94673240B909100E9CCB8 /* UIImageView+URL.swift in Sources */,
				D1D9466E240AECAF00E9CCB8 /* NewsDetailBuilder.swift in Sources */,
				D1D945F4240A9D3F00E9CCB8 /* AppDelegate.swift in Sources */,
				D1D9464D240ADBCB00E9CCB8 /* ScoresStandings.swift in Sources */,
				D1D94647240ADB6F00E9CCB8 /* News.swift in Sources */,
				D1D94676240B92A200E9CCB8 /* NewsService.swift in Sources */,
				D1D9462C240AAD5E00E9CCB8 /* MasterViewController.swift in Sources */,
				D1D94654240ADC1800E9CCB8 /* ScoresStandingParser.swift in Sources */,
				D1D94679240B937900E9CCB8 /* Result.swift in Sources */,
				D1D9464A240ADBA800E9CCB8 /* Score.swift in Sources */,
				D1D94651240ADC0500E9CCB8 /* NewsParser.swift in Sources */,
				D1D9467C240B941600E9CCB8 /* Error.swift in Sources */,
				D1D94664240AE65C00E9CCB8 /* NewsTableViewCellModel.swift in Sources */,
				D1D945F6240A9D3F00E9CCB8 /* SceneDelegate.swift in Sources */,
				D1D94642240AD09900E9CCB8 /* ScoresStandingsBuilder.swift in Sources */,
				D1D9465F240ADFCB00E9CCB8 /* NewsTableViewCell.swift in Sources */,
				D1D9463F240AD00E00E9CCB8 /* NewsBuilder.swift in Sources */,
				D1D94631240AC6D700E9CCB8 /* NewsViewController.swift in Sources */,
				D1D9466B240AEBCD00E9CCB8 /* NewsDetailViewController.swift in Sources */,
			);
			runOnlyForDeploymentPostprocessing = 0;
		};
		D1D94602240A9D4100E9CCB8 /* Sources */ = {
			isa = PBXSourcesBuildPhase;
			buildActionMask = 2147483647;
			files = (
				D1D94640240AD00E00E9CCB8 /* NewsBuilder.swift in Sources */,
				D1D9466F240AECAF00E9CCB8 /* NewsDetailBuilder.swift in Sources */,
				D1D9466C240AEBCD00E9CCB8 /* NewsDetailViewController.swift in Sources */,
				D1D9462D240AAD5E00E9CCB8 /* MasterViewController.swift in Sources */,
				D1D94660240ADFCB00E9CCB8 /* NewsTableViewCell.swift in Sources */,
				D1D94625240AA65100E9CCB8 /* DefaultDropDownItemView.swift in Sources */,
				D1D94621240A9FDD00E9CCB8 /* DropDownItem.swift in Sources */,
				D1D94632240AC6D700E9CCB8 /* NewsViewController.swift in Sources */,
				D1D94655240ADC1800E9CCB8 /* ScoresStandingParser.swift in Sources */,
				D1D9460B240A9D4100E9CCB8 /* DAZNTests.swift in Sources */,
				D1D94677240B92A200E9CCB8 /* NewsService.swift in Sources */,
				D1D94665240AE65C00E9CCB8 /* NewsTableViewCellModel.swift in Sources */,
				D1D9461E240A9E1A00E9CCB8 /* DropDownView.swift in Sources */,
				D1D94635240AC6E500E9CCB8 /* ScoresStandingsViewController.swift in Sources */,
				D1D9467D240B941600E9CCB8 /* Error.swift in Sources */,
				D1D94648240ADB6F00E9CCB8 /* News.swift in Sources */,
				D1D94652240ADC0500E9CCB8 /* NewsParser.swift in Sources */,
				D1D9464B240ADBA800E9CCB8 /* Score.swift in Sources */,
				D1D94680240BA48000E9CCB8 /* ScoresStandingsService.swift in Sources */,
				D1D9464E240ADBCB00E9CCB8 /* ScoresStandings.swift in Sources */,
				D1D9467A240B937900E9CCB8 /* Result.swift in Sources */,
				D1D94674240B909100E9CCB8 /* UIImageView+URL.swift in Sources */,
				D1D94643240AD09900E9CCB8 /* ScoresStandingsBuilder.swift in Sources */,
			);
			runOnlyForDeploymentPostprocessing = 0;
		};
/* End PBXSourcesBuildPhase section */

/* Begin PBXTargetDependency section */
		D1D94608240A9D4100E9CCB8 /* PBXTargetDependency */ = {
			isa = PBXTargetDependency;
			target = D1D945EF240A9D3F00E9CCB8 /* DAZN */;
			targetProxy = D1D94607240A9D4100E9CCB8 /* PBXContainerItemProxy */;
		};
/* End PBXTargetDependency section */

/* Begin PBXVariantGroup section */
		D1D945F9240A9D3F00E9CCB8 /* Main.storyboard */ = {
			isa = PBXVariantGroup;
			children = (
				D1D945FA240A9D3F00E9CCB8 /* Base */,
			);
			name = Main.storyboard;
			sourceTree = "<group>";
		};
		D1D945FE240A9D4100E9CCB8 /* LaunchScreen.storyboard */ = {
			isa = PBXVariantGroup;
			children = (
				D1D945FF240A9D4100E9CCB8 /* Base */,
			);
			name = LaunchScreen.storyboard;
			sourceTree = "<group>";
		};
/* End PBXVariantGroup section */

/* Begin XCBuildConfiguration section */
		D1D9460D240A9D4100E9CCB8 /* Debug */ = {
			isa = XCBuildConfiguration;
			buildSettings = {
				ALWAYS_SEARCH_USER_PATHS = NO;
				CLANG_ANALYZER_NONNULL = YES;
				CLANG_ANALYZER_NUMBER_OBJECT_CONVERSION = YES_AGGRESSIVE;
				CLANG_CXX_LANGUAGE_STANDARD = "gnu++14";
				CLANG_CXX_LIBRARY = "libc++";
				CLANG_ENABLE_MODULES = YES;
				CLANG_ENABLE_OBJC_ARC = YES;
				CLANG_ENABLE_OBJC_WEAK = YES;
				CLANG_WARN_BLOCK_CAPTURE_AUTORELEASING = YES;
				CLANG_WARN_BOOL_CONVERSION = YES;
				CLANG_WARN_COMMA = YES;
				CLANG_WARN_CONSTANT_CONVERSION = YES;
				CLANG_WARN_DEPRECATED_OBJC_IMPLEMENTATIONS = YES;
				CLANG_WARN_DIRECT_OBJC_ISA_USAGE = YES_ERROR;
				CLANG_WARN_DOCUMENTATION_COMMENTS = YES;
				CLANG_WARN_EMPTY_BODY = YES;
				CLANG_WARN_ENUM_CONVERSION = YES;
				CLANG_WARN_INFINITE_RECURSION = YES;
				CLANG_WARN_INT_CONVERSION = YES;
				CLANG_WARN_NON_LITERAL_NULL_CONVERSION = YES;
				CLANG_WARN_OBJC_IMPLICIT_RETAIN_SELF = YES;
				CLANG_WARN_OBJC_LITERAL_CONVERSION = YES;
				CLANG_WARN_OBJC_ROOT_CLASS = YES_ERROR;
				CLANG_WARN_RANGE_LOOP_ANALYSIS = YES;
				CLANG_WARN_STRICT_PROTOTYPES = YES;
				CLANG_WARN_SUSPICIOUS_MOVE = YES;
				CLANG_WARN_UNGUARDED_AVAILABILITY = YES_AGGRESSIVE;
				CLANG_WARN_UNREACHABLE_CODE = YES;
				CLANG_WARN__DUPLICATE_METHOD_MATCH = YES;
				COPY_PHASE_STRIP = NO;
				DEBUG_INFORMATION_FORMAT = dwarf;
				ENABLE_STRICT_OBJC_MSGSEND = YES;
				ENABLE_TESTABILITY = YES;
				GCC_C_LANGUAGE_STANDARD = gnu11;
				GCC_DYNAMIC_NO_PIC = NO;
				GCC_NO_COMMON_BLOCKS = YES;
				GCC_OPTIMIZATION_LEVEL = 0;
				GCC_PREPROCESSOR_DEFINITIONS = (
					"DEBUG=1",
					"$(inherited)",
				);
				GCC_WARN_64_TO_32_BIT_CONVERSION = YES;
				GCC_WARN_ABOUT_RETURN_TYPE = YES_ERROR;
				GCC_WARN_UNDECLARED_SELECTOR = YES;
				GCC_WARN_UNINITIALIZED_AUTOS = YES_AGGRESSIVE;
				GCC_WARN_UNUSED_FUNCTION = YES;
				GCC_WARN_UNUSED_VARIABLE = YES;
				IPHONEOS_DEPLOYMENT_TARGET = 13.1;
				MTL_ENABLE_DEBUG_INFO = INCLUDE_SOURCE;
				MTL_FAST_MATH = YES;
				ONLY_ACTIVE_ARCH = YES;
				SDKROOT = iphoneos;
				SWIFT_ACTIVE_COMPILATION_CONDITIONS = DEBUG;
				SWIFT_OPTIMIZATION_LEVEL = "-Onone";
			};
			name = Debug;
		};
		D1D9460E240A9D4100E9CCB8 /* Release */ = {
			isa = XCBuildConfiguration;
			buildSettings = {
				ALWAYS_SEARCH_USER_PATHS = NO;
				CLANG_ANALYZER_NONNULL = YES;
				CLANG_ANALYZER_NUMBER_OBJECT_CONVERSION = YES_AGGRESSIVE;
				CLANG_CXX_LANGUAGE_STANDARD = "gnu++14";
				CLANG_CXX_LIBRARY = "libc++";
				CLANG_ENABLE_MODULES = YES;
				CLANG_ENABLE_OBJC_ARC = YES;
				CLANG_ENABLE_OBJC_WEAK = YES;
				CLANG_WARN_BLOCK_CAPTURE_AUTORELEASING = YES;
				CLANG_WARN_BOOL_CONVERSION = YES;
				CLANG_WARN_COMMA = YES;
				CLANG_WARN_CONSTANT_CONVERSION = YES;
				CLANG_WARN_DEPRECATED_OBJC_IMPLEMENTATIONS = YES;
				CLANG_WARN_DIRECT_OBJC_ISA_USAGE = YES_ERROR;
				CLANG_WARN_DOCUMENTATION_COMMENTS = YES;
				CLANG_WARN_EMPTY_BODY = YES;
				CLANG_WARN_ENUM_CONVERSION = YES;
				CLANG_WARN_INFINITE_RECURSION = YES;
				CLANG_WARN_INT_CONVERSION = YES;
				CLANG_WARN_NON_LITERAL_NULL_CONVERSION = YES;
				CLANG_WARN_OBJC_IMPLICIT_RETAIN_SELF = YES;
				CLANG_WARN_OBJC_LITERAL_CONVERSION = YES;
				CLANG_WARN_OBJC_ROOT_CLASS = YES_ERROR;
				CLANG_WARN_RANGE_LOOP_ANALYSIS = YES;
				CLANG_WARN_STRICT_PROTOTYPES = YES;
				CLANG_WARN_SUSPICIOUS_MOVE = YES;
				CLANG_WARN_UNGUARDED_AVAILABILITY = YES_AGGRESSIVE;
				CLANG_WARN_UNREACHABLE_CODE = YES;
				CLANG_WARN__DUPLICATE_METHOD_MATCH = YES;
				COPY_PHASE_STRIP = NO;
				DEBUG_INFORMATION_FORMAT = "dwarf-with-dsym";
				ENABLE_NS_ASSERTIONS = NO;
				ENABLE_STRICT_OBJC_MSGSEND = YES;
				GCC_C_LANGUAGE_STANDARD = gnu11;
				GCC_NO_COMMON_BLOCKS = YES;
				GCC_WARN_64_TO_32_BIT_CONVERSION = YES;
				GCC_WARN_ABOUT_RETURN_TYPE = YES_ERROR;
				GCC_WARN_UNDECLARED_SELECTOR = YES;
				GCC_WARN_UNINITIALIZED_AUTOS = YES_AGGRESSIVE;
				GCC_WARN_UNUSED_FUNCTION = YES;
				GCC_WARN_UNUSED_VARIABLE = YES;
				IPHONEOS_DEPLOYMENT_TARGET = 13.1;
				MTL_ENABLE_DEBUG_INFO = NO;
				MTL_FAST_MATH = YES;
				SDKROOT = iphoneos;
				SWIFT_COMPILATION_MODE = wholemodule;
				SWIFT_OPTIMIZATION_LEVEL = "-O";
				VALIDATE_PRODUCT = YES;
			};
			name = Release;
		};
		D1D94610240A9D4100E9CCB8 /* Debug */ = {
			isa = XCBuildConfiguration;
			buildSettings = {
				ASSETCATALOG_COMPILER_APPICON_NAME = AppIcon;
				CODE_SIGN_STYLE = Automatic;
				DEVELOPMENT_TEAM = C9W3NZ9LV6;
				INFOPLIST_FILE = DAZN/Info.plist;
				LD_RUNPATH_SEARCH_PATHS = (
					"$(inherited)",
					"@executable_path/Frameworks",
				);
				PRODUCT_BUNDLE_IDENTIFIER = com.redugsi.DAZN;
				PRODUCT_NAME = "$(TARGET_NAME)";
				SWIFT_VERSION = 5.0;
				TARGETED_DEVICE_FAMILY = "1,2";
			};
			name = Debug;
		};
		D1D94611240A9D4100E9CCB8 /* Release */ = {
			isa = XCBuildConfiguration;
			buildSettings = {
				ASSETCATALOG_COMPILER_APPICON_NAME = AppIcon;
				CODE_SIGN_STYLE = Automatic;
				DEVELOPMENT_TEAM = C9W3NZ9LV6;
				INFOPLIST_FILE = DAZN/Info.plist;
				LD_RUNPATH_SEARCH_PATHS = (
					"$(inherited)",
					"@executable_path/Frameworks",
				);
				PRODUCT_BUNDLE_IDENTIFIER = com.redugsi.DAZN;
				PRODUCT_NAME = "$(TARGET_NAME)";
				SWIFT_VERSION = 5.0;
				TARGETED_DEVICE_FAMILY = "1,2";
			};
			name = Release;
		};
		D1D94613240A9D4100E9CCB8 /* Debug */ = {
			isa = XCBuildConfiguration;
			buildSettings = {
				ALWAYS_EMBED_SWIFT_STANDARD_LIBRARIES = YES;
				BUNDLE_LOADER = "$(TEST_HOST)";
				CODE_SIGN_STYLE = Automatic;
				DEVELOPMENT_TEAM = C9W3NZ9LV6;
				INFOPLIST_FILE = DAZNTests/Info.plist;
				IPHONEOS_DEPLOYMENT_TARGET = 13.1;
				LD_RUNPATH_SEARCH_PATHS = (
					"$(inherited)",
					"@executable_path/Frameworks",
					"@loader_path/Frameworks",
				);
				PRODUCT_BUNDLE_IDENTIFIER = com.redugsi.DAZNTests;
				PRODUCT_NAME = "$(TARGET_NAME)";
				SWIFT_VERSION = 5.0;
				TARGETED_DEVICE_FAMILY = "1,2";
				TEST_HOST = "$(BUILT_PRODUCTS_DIR)/DAZN.app/DAZN";
			};
			name = Debug;
		};
		D1D94614240A9D4100E9CCB8 /* Release */ = {
			isa = XCBuildConfiguration;
			buildSettings = {
				ALWAYS_EMBED_SWIFT_STANDARD_LIBRARIES = YES;
				BUNDLE_LOADER = "$(TEST_HOST)";
				CODE_SIGN_STYLE = Automatic;
				DEVELOPMENT_TEAM = C9W3NZ9LV6;
				INFOPLIST_FILE = DAZNTests/Info.plist;
				IPHONEOS_DEPLOYMENT_TARGET = 13.1;
				LD_RUNPATH_SEARCH_PATHS = (
					"$(inherited)",
					"@executable_path/Frameworks",
					"@loader_path/Frameworks",
				);
				PRODUCT_BUNDLE_IDENTIFIER = com.redugsi.DAZNTests;
				PRODUCT_NAME = "$(TARGET_NAME)";
				SWIFT_VERSION = 5.0;
				TARGETED_DEVICE_FAMILY = "1,2";
				TEST_HOST = "$(BUILT_PRODUCTS_DIR)/DAZN.app/DAZN";
			};
			name = Release;
		};
/* End XCBuildConfiguration section */

/* Begin XCConfigurationList section */
		D1D945EB240A9D3F00E9CCB8 /* Build configuration list for PBXProject "DAZN" */ = {
			isa = XCConfigurationList;
			buildConfigurations = (
				D1D9460D240A9D4100E9CCB8 /* Debug */,
				D1D9460E240A9D4100E9CCB8 /* Release */,
			);
			defaultConfigurationIsVisible = 0;
			defaultConfigurationName = Release;
		};
		D1D9460F240A9D4100E9CCB8 /* Build configuration list for PBXNativeTarget "DAZN" */ = {
			isa = XCConfigurationList;
			buildConfigurations = (
				D1D94610240A9D4100E9CCB8 /* Debug */,
				D1D94611240A9D4100E9CCB8 /* Release */,
			);
			defaultConfigurationIsVisible = 0;
			defaultConfigurationName = Release;
		};
		D1D94612240A9D4100E9CCB8 /* Build configuration list for PBXNativeTarget "DAZNTests" */ = {
			isa = XCConfigurationList;
			buildConfigurations = (
				D1D94613240A9D4100E9CCB8 /* Debug */,
				D1D94614240A9D4100E9CCB8 /* Release */,
			);
			defaultConfigurationIsVisible = 0;
			defaultConfigurationName = Release;
		};
/* End XCConfigurationList section */
	};
	rootObject = D1D945E8240A9D3F00E9CCB8 /* Project object */;
}
